
Microsoft Visual Studio Solution File, Format Version 12.00
# Visual Studio Version 16
VisualStudioVersion = 16.0.29411.108
MinimumVisualStudioVersion = 10.0.40219.1
Project("{FAE04EC0-301F-11D3-BF4B-00C04F79EFBC}") = "WasteReduction", "WasteReduction\WasteReduction.csproj", "{6A5D875C-AE20-42A4-BFA2-EEF9E5CB9FCD}"
EndProject
Global
	GlobalSection(SolutionConfigurationPlatforms) = preSolution
		Debug|Any CPU = Debug|Any CPU
		Release|Any CPU = Release|Any CPU
	EndGlobalSection
	GlobalSection(ProjectConfigurationPlatforms) = postSolution
		{6A5D875C-AE20-42A4-BFA2-EEF9E5CB9FCD}.Debug|Any CPU.ActiveCfg = Debug|Any CPU
		{6A5D875C-AE20-42A4-BFA2-EEF9E5CB9FCD}.Debug|Any CPU.Build.0 = Debug|Any CPU
		{6A5D875C-AE20-42A4-BFA2-EEF9E5CB9FCD}.Release|Any CPU.ActiveCfg = Release|Any CPU
		{6A5D875C-AE20-42A4-BFA2-EEF9E5CB9FCD}.Release|Any CPU.Build.0 = Release|Any CPU
	EndGlobalSection
	GlobalSection(SolutionProperties) = preSolution
		HideSolutionNode = FALSE
	EndGlobalSection
	GlobalSection(ExtensibilityGlobals) = postSolution
		SolutionGuid = {8B7F325A-E753-4EB8-8F5A-B02572D5A1DD}
	EndGlobalSection
EndGlobal
